PODS:
  - Flutter (1.0.0)
  - image_gallery_saver (1.5.0):
    - Flutter
  - image_picker (0.0.1):
    - Flutter
  - qrscan (0.0.1):
    - Flutter
    - ZBarSDK
  - ZBarSDK (1.3.1)

DEPENDENCIES:
  - Flutter (from `Flutter`)
  - image_gallery_saver (from `.symlinks/plugins/image_gallery_saver/ios`)
  - image_picker (from `.symlinks/plugins/image_picker/ios`)
  - qrscan (from `.symlinks/plugins/qrscan/ios`)

SPEC REPOS:
  trunk:
    - ZBarSDK

EXTERNAL SOURCES:
  Flutter:
    :path: Flutter
  image_gallery_saver:
    :path: ".symlinks/plugins/image_gallery_saver/ios"
  image_picker:
    :path: ".symlinks/plugins/image_picker/ios"
  qrscan:
    :path: ".symlinks/plugins/qrscan/ios"

SPEC CHECKSUMS:
  Flutter: 434fef37c0980e73bb6479ef766c45957d4b510c
  image_gallery_saver: 259eab68fb271cfd57d599904f7acdc7832e7ef2
  image_picker: 9c3312491f862b28d21ecd8fdf0ee14e601b3f09
  qrscan: 246aa9ec08b10e68c6eede0e600bcc407462789c
  ZBarSDK: 4c1b5daeb7d6cc67dc9355e690af0230a661f6ec

PODFILE CHECKSUM: aafe91acc616949ddb318b77800a7f51bffa2a4c

COCOAPODS: 1.10.0
